{
  "name": "amzortrak",
  "lockfileVersion": 3,
  "requires": true,
  "packages": {
    "": {
      "dependencies": {
        "prompt": "^1.3.0"
      }
    },
    "node_modules/@colors/colors": {
      "version": "1.5.0",
      "resolved": "https://artifactory.intern.weebly.net/artifactory/api/npm/weebly-npm/@colors/colors/-/colors-1.5.0.tgz",
      "integrity": "sha1-u1BFecHK6SPmV2pPXaQ9Jfl729k=",
      "license": "MIT",
      "engines": {
        "node": ">=0.1.90"
      }
    },
    "node_modules/async": {
      "version": "3.2.3",
      "resolved": "https://artifactory.intern.weebly.net/artifactory/api/npm/weebly-npm/async/-/async-3.2.3.tgz",
      "integrity": "sha1-rFPa/T9HIO6eihYGKPGOqR3xlsk=",
      "license": "MIT"
    },
    "node_modules/colors": {
      "version": "1.0.3",
      "resolved": "https://artifactory.intern.weebly.net/artifactory/api/npm/weebly-npm/colors/-/colors-1.0.3.tgz",
      "integrity": "sha1-BDP0TYCWgP3rYO0mDxsMJi6CpAs=",
      "license": "MIT",
      "engines": {
        "node": ">=0.1.90"
      }
    },
    "node_modules/cycle": {
      "version": "1.0.3",
      "resolved": "https://artifactory.intern.weebly.net/artifactory/api/npm/weebly-npm/cycle/-/cycle-1.0.3.tgz",
      "integrity": "sha1-IegLK+hYD5i0aPN5QwZisEbDStI=",
      "engines": {
        "node": ">=0.4.0"
      }
    },
    "node_modules/eyes": {
      "version": "0.1.8",
      "resolved": "https://artifactory.intern.weebly.net/artifactory/api/npm/weebly-npm/eyes/-/eyes-0.1.8.tgz",
      "integrity": "sha1-Ys8SAjTGg3hdkCNIqADvPgzCC8A=",
      "engines": {
        "node": "> 0.1.90"
      }
    },
    "node_modules/isstream": {
      "version": "0.1.2",
      "resolved": "https://artifactory.intern.weebly.net/artifactory/api/npm/weebly-npm/isstream/-/isstream-0.1.2.tgz",
      "integrity": "sha1-R+Y/evVa+m+S4VAOaQ64uFKcCZo=",
      "license": "MIT"
    },
    "node_modules/lodash": {
      "version": "4.17.21",
      "resolved": "https://artifactory.intern.weebly.net/artifactory/api/npm/weebly-npm/lodash/-/lodash-4.17.21.tgz",
      "integrity": "sha1-Z5WRxWTDv/quhFTPCz3zcMPWkRw=",
      "license": "MIT"
    },
    "node_modules/mute-stream": {
      "version": "0.0.8",
      "resolved": "https://artifactory.intern.weebly.net/artifactory/api/npm/weebly-npm/mute-stream/-/mute-stream-0.0.8.tgz",
      "integrity": "sha1-FjDEKyJR/4HiooPelqVJfqkuXg0=",
      "license": "ISC"
    },
    "node_modules/prompt": {
      "version": "1.3.0",
      "resolved": "https://artifactory.intern.weebly.net/artifactory/api/npm/weebly-npm/prompt/-/prompt-1.3.0.tgz",
      "integrity": "sha1-sfbUfLG2vu1PBmC0cPXT7BV6184=",
      "license": "MIT",
      "dependencies": {
        "@colors/colors": "1.5.0",
        "async": "3.2.3",
        "read": "1.0.x",
        "revalidator": "0.1.x",
        "winston": "2.x"
      },
      "engines": {
        "node": ">= 6.0.0"
      }
    },
    "node_modules/read": {
      "version": "1.0.7",
      "resolved": "https://artifactory.intern.weebly.net/artifactory/api/npm/weebly-npm/read/-/read-1.0.7.tgz",
      "integrity": "sha1-s9oZvQUkMal2cdRKQmNK33ELQMQ=",
      "license": "ISC",
      "dependencies": {
        "mute-stream": "~0.0.4"
      },
      "engines": {
        "node": ">=0.8"
      }
    },
    "node_modules/revalidator": {
      "version": "0.1.8",
      "resolved": "https://artifactory.intern.weebly.net/artifactory/api/npm/weebly-npm/revalidator/-/revalidator-0.1.8.tgz",
      "integrity": "sha1-/s5hv6DBtSoga9axgZgYS91SOjs=",
      "license": "Apache 2.0",
      "engines": {
        "node": ">= 0.4.0"
      }
    },
    "node_modules/stack-trace": {
      "version": "0.0.10",
      "resolved": "https://artifactory.intern.weebly.net/artifactory/api/npm/weebly-npm/stack-trace/-/stack-trace-0.0.10.tgz",
      "integrity": "sha1-VHxws0fo0ytOEI6hoqFZ5f3eGcA=",
      "license": "MIT",
      "engines": {
        "node": "*"
      }
    },
    "node_modules/winston": {
      "version": "2.4.7",
      "resolved": "https://artifactory.intern.weebly.net/artifactory/api/npm/weebly-npm/winston/-/winston-2.4.7.tgz",
      "integrity": "sha1-V5H+COp+kNsJDxyzHvmPMlMQYvE=",
      "license": "MIT",
      "dependencies": {
        "async": "^2.6.4",
        "colors": "1.0.x",
        "cycle": "1.0.x",
        "eyes": "0.1.x",
        "isstream": "0.1.x",
        "stack-trace": "0.0.x"
      },
      "engines": {
        "node": ">= 0.10.0"
      }
    },
    "node_modules/winston/node_modules/async": {
      "version": "2.6.4",
      "resolved": "https://artifactory.intern.weebly.net/artifactory/api/npm/weebly-npm/async/-/async-2.6.4.tgz",
      "integrity": "sha1-cGt/9ghGZM1+rnE/b5ZUM7VQQiE=",
      "license": "MIT",
      "dependencies": {
        "lodash": "^4.17.14"
      }
    }
  }
}
